
Microsoft Visual Studio Solution File, Format Version 12.00
# Visual Studio 15
VisualStudioVersion = 15.0.27703.2026
MinimumVisualStudioVersion = 10.0.40219.1
Project("{FAE04EC0-301F-11D3-BF4B-00C04F79EFBC}") = "ExampleFunctions", "ExampleFunctions\ExampleFunctions.csproj", "{95971BF3-5332-43D4-AA9F-D6D36A09BBEA}"
EndProject
Project("{FAE04EC0-301F-11D3-BF4B-00C04F79EFBC}") = "Microsoft.Bot.Builder.Integration.Functions.Core", "Microsoft.Bot.Builder.Integration.Functions.Core\Microsoft.Bot.Builder.Integration.Functions.Core.csproj", "{665DE250-B71C-4CC9-AC77-8BCDA83B1568}"
EndProject
Global
	GlobalSection(SolutionConfigurationPlatforms) = preSolution
		Debug|Any CPU = Debug|Any CPU
		Release|Any CPU = Release|Any CPU
	EndGlobalSection
	GlobalSection(ProjectConfigurationPlatforms) = postSolution
		{95971BF3-5332-43D4-AA9F-D6D36A09BBEA}.Debug|Any CPU.ActiveCfg = Debug|Any CPU
		{95971BF3-5332-43D4-AA9F-D6D36A09BBEA}.Debug|Any CPU.Build.0 = Debug|Any CPU
		{95971BF3-5332-43D4-AA9F-D6D36A09BBEA}.Release|Any CPU.ActiveCfg = Release|Any CPU
		{95971BF3-5332-43D4-AA9F-D6D36A09BBEA}.Release|Any CPU.Build.0 = Release|Any CPU
		{665DE250-B71C-4CC9-AC77-8BCDA83B1568}.Debug|Any CPU.ActiveCfg = Debug|Any CPU
		{665DE250-B71C-4CC9-AC77-8BCDA83B1568}.Debug|Any CPU.Build.0 = Debug|Any CPU
		{665DE250-B71C-4CC9-AC77-8BCDA83B1568}.Release|Any CPU.ActiveCfg = Release|Any CPU
		{665DE250-B71C-4CC9-AC77-8BCDA83B1568}.Release|Any CPU.Build.0 = Release|Any CPU
	EndGlobalSection
	GlobalSection(SolutionProperties) = preSolution
		HideSolutionNode = FALSE
	EndGlobalSection
	GlobalSection(ExtensibilityGlobals) = postSolution
		SolutionGuid = {FB12B380-0C11-4134-B8DD-C9ED8B96B175}
	EndGlobalSection
EndGlobal
